# This file is machine-generated by `gh actions-lock`.
# Do not edit by hand; run `gh actions-lock` to update.
# Docs: https://gh.io/actions-lockfile
version: 'v0.0.2'
workflows:
    '.github/workflows/ci.yml':
        - 'actions/checkout@v7.0.1'
        - 'cachix/install-nix-action@v31.11.1'
        - 'nicknovitski/nix-develop@v1.2.1'
        - 'swatinem/rust-cache@v2.9.2'
    '.github/workflows/package.yml':
        - 'actions/checkout@v7.0.1'
        - 'actions/upload-artifact@v7.0.1'
        - 'swatinem/rust-cache@v2.9.2'
    '.github/workflows/release.yml':
        - 'actions/download-artifact@v8.0.1'
dependencies:
    'actions/checkout@v7.0.1':
        ref: 'v7.0.1'
        commit: 'sha1-3d3c42e5aac5ba805825da76410c181273ba90b1'
        owner_id: 44036562
        repo_id: 197814629
    'actions/download-artifact@v8.0.1':
        ref: 'v8.0.1'
        commit: 'sha1-3e5f45b2cfb9172054b4087a40e8e0b5a5461e7c'
        owner_id: 44036562
        repo_id: 192626254
    'actions/upload-artifact@v7.0.1':
        ref: 'v7.0.1'
        commit: 'sha1-043fb46d1a93c77aae656e7c1c64a875d1fc6a0a'
        owner_id: 44036562
        repo_id: 192625955
    'cachix/install-nix-action@v31.11.1':
        ref: 'v31.11.1'
        commit: 'sha1-13d8dd58da0234aa297dedd986986ccb8e7f3e24'
        owner_id: 36824654
        repo_id: 212301524
    'nicknovitski/nix-develop@v1.2.1':
        ref: 'v1.2.1'
        commit: 'sha1-9be7cfb4b10451d3390a75dc18ad0465bed4932a'
        owner_id: 151337
        repo_id: 706956179
    'swatinem/rust-cache@v2.9.2':
        ref: 'v2.9.2'
        commit: 'sha1-6323deb102c322ba6fcbdcafc7e3dddab59af2b6'
        owner_id: 580492
        repo_id: 298565987
